// !$*UTF8*$!
{
	archiveVersion = 1;
	classes = {
	};
	objectVersion = 50;
	objects = {

/* Begin PBXBuildFile section */
		38C284E8250E04EE0022EC65 /* AppDelegate.swift in Sources */ = {isa = PBXBuildFile; fileRef = 38C284E7250E04EE0022EC65 /* AppDelegate.swift */; };
		38C284EA250E04EE0022EC65 /* SceneDelegate.swift in Sources */ = {isa = PBXBuildFile; fileRef = 38C284E9250E04EE0022EC65 /* SceneDelegate.swift */; };
		38C284EC250E04EE0022EC65 /* ViewController.swift in Sources */ = {isa = PBXBuildFile; fileRef = 38C284EB250E04EE0022EC65 /* ViewController.swift */; };
		38C284EF250E04EE0022EC65 /* Main.storyboard in Resources */ = {isa = PBXBuildFile; fileRef = 38C284ED250E04EE0022EC65 /* Main.storyboard */; };
		38C284F2250E04EE0022EC65 /* HeadTrack.xcdatamodeld in Sources */ = {isa = PBXBuildFile; fileRef = 38C284F0250E04EE0022EC65 /* HeadTrack.xcdatamodeld */; };
		38C284F4250E04F10022EC65 /* Assets.xcassets in Resources */ = {isa = PBXBuildFile; fileRef = 38C284F3250E04F10022EC65 /* Assets.xcassets */; };
		38C284F7250E04F10022EC65 /* LaunchScreen.storyboard in Resources */ = {isa = PBXBuildFile; fileRef = 38C284F5250E04F10022EC65 /* LaunchScreen.storyboard */; };
		9EBAB19EC0CB5035D2B238E6 /* Pods_HeadTrack.framework in Frameworks */ = {isa = PBXBuildFile; fileRef = A91AEA46292EE62345775D62 /* Pods_HeadTrack.framework */; };
/* End PBXBuildFile section */

/* Begin PBXFileReference section */
		38C284E4250E04EE0022EC65 /* HeadTrack.app */ = {isa = PBXFileReference; explicitFileType = wrapper.application; includeInIndex = 0; path = HeadTrack.app; sourceTree = BUILT_PRODUCTS_DIR; };
		38C284E7250E04EE0022EC65 /* AppDelegate.swift */ = {isa = PBXFileReference; lastKnownFileType = sourcecode.swift; path = AppDelegate.swift; sourceTree = "<group>"; };
		38C284E9250E04EE0022EC65 /* SceneDelegate.swift */ = {isa = PBXFileReference; lastKnownFileType = sourcecode.swift; path = SceneDelegate.swift; sourceTree = "<group>"; };
		38C284EB250E04EE0022EC65 /* ViewController.swift */ = {isa = PBXFileReference; lastKnownFileType = sourcecode.swift; path = ViewController.swift; sourceTree = "<group>"; };
		38C284EE250E04EE0022EC65 /* Base */ = {isa = PBXFileReference; lastKnownFileType = file.storyboard; name = Base; path = Base.lproj/Main.storyboard; sourceTree = "<group>"; };
		38C284F1250E04EE0022EC65 /* HeadTrack.xcdatamodel */ = {isa = PBXFileReference; lastKnownFileType = wrapper.xcdatamodel; path = HeadTrack.xcdatamodel; sourceTree = "<group>"; };
		38C284F3250E04F10022EC65 /* Assets.xcassets */ = {isa = PBXFileReference; lastKnownFileType = folder.assetcatalog; path = Assets.xcassets; sourceTree = "<group>"; };
		38C284F6250E04F10022EC65 /* Base */ = {isa = PBXFileReference; lastKnownFileType = file.storyboard; name = Base; path = Base.lproj/LaunchScreen.storyboard; sourceTree = "<group>"; };
		38C284F8250E04F10022EC65 /* Info.plist */ = {isa = PBXFileReference; lastKnownFileType = text.plist.xml; path = Info.plist; sourceTree = "<group>"; };
		8C079EA4F8D8AA463B0263A7 /* Pods-HeadTrack.debug.xcconfig */ = {isa = PBXFileReference; includeInIndex = 1; lastKnownFileType = text.xcconfig; name = "Pods-HeadTrack.debug.xcconfig"; path = "Target Support Files/Pods-HeadTrack/Pods-HeadTrack.debug.xcconfig"; sourceTree = "<group>"; };
		A91AEA46292EE62345775D62 /* Pods_HeadTrack.framework */ = {isa = PBXFileReference; explicitFileType = wrapper.framework; includeInIndex = 0; path = Pods_HeadTrack.framework; sourceTree = BUILT_PRODUCTS_DIR; };
		AB6816EF107E1A5A754C7572 /* Pods-HeadTrack.release.xcconfig */ = {isa = PBXFileReference; includeInIndex = 1; lastKnownFileType = text.xcconfig; name = "Pods-HeadTrack.release.xcconfig"; path = "Target Support Files/Pods-HeadTrack/Pods-HeadTrack.release.xcconfig"; sourceTree = "<group>"; };
/* End PBXFileReference section */

/* Begin PBXFrameworksBuildPhase section */
		38C284E1250E04EE0022EC65 /* Frameworks */ = {
			isa = PBXFrameworksBuildPhase;
			buildActionMask = 2147483647;
			files = (
				9EBAB19EC0CB5035D2B238E6 /* Pods_HeadTrack.framework in Frameworks */,
			);
			runOnlyForDeploymentPostprocessing = 0;
		};
/* End PBXFrameworksBuildPhase section */

/* Begin PBXGroup section */
		2F3D33D63B72837EF21AB5BC /* Frameworks */ = {
			isa = PBXGroup;
			children = (
				A91AEA46292EE62345775D62 /* Pods_HeadTrack.framework */,
			);
			name = Frameworks;
			sourceTree = "<group>";
		};
		38C284DB250E04EE0022EC65 = {
			isa = PBXGroup;
			children = (
				38C284E6250E04EE0022EC65 /* HeadTrack */,
				38C284E5250E04EE0022EC65 /* Products */,
				BEC0C3B25C9F986781AAC1AD /* Pods */,
				2F3D33D63B72837EF21AB5BC /* Frameworks */,
			);
			sourceTree = "<group>";
		};
		38C284E5250E04EE0022EC65 /* Products */ = {
			isa = PBXGroup;
			children = (
				38C284E4250E04EE0022EC65 /* HeadTrack.app */,
			);
			name = Products;
			sourceTree = "<group>";
		};
		38C284E6250E04EE0022EC65 /* HeadTrack */ = {
			isa = PBXGroup;
			children = (
				38C284E7250E04EE0022EC65 /* AppDelegate.swift */,
				38C284E9250E04EE0022EC65 /* SceneDelegate.swift */,
				38C284EB250E04EE0022EC65 /* ViewController.swift */,
				38C284ED250E04EE0022EC65 /* Main.storyboard */,
				38C284F3250E04F10022EC65 /* Assets.xcassets */,
				38C284F5250E04F10022EC65 /* LaunchScreen.storyboard */,
				38C284F8250E04F10022EC65 /* Info.plist */,
				38C284F0250E04EE0022EC65 /* HeadTrack.xcdatamodeld */,
			);
			path = HeadTrack;
			sourceTree = "<group>";
		};
		BEC0C3B25C9F986781AAC1AD /* Pods */ = {
			isa = PBXGroup;
			children = (
				8C079EA4F8D8AA463B0263A7 /* Pods-HeadTrack.debug.xcconfig */,
				AB6816EF107E1A5A754C7572 /* Pods-HeadTrack.release.xcconfig */,
			);
			name = Pods;
			path = Pods;
			sourceTree = "<group>";
		};
/* End PBXGroup section */

/* Begin PBXNativeTarget section */
		38C284E3250E04EE0022EC65 /* HeadTrack */ = {
			isa = PBXNativeTarget;
			buildConfigurationList = 38C284FB250E04F10022EC65 /* Build configuration list for PBXNativeTarget "HeadTrack" */;
			buildPhases = (
				99258190E40FE57A5775DD74 /* [CP] Check Pods Manifest.lock */,
				38C284E0250E04EE0022EC65 /* Sources */,
				38C284E1250E04EE0022EC65 /* Frameworks */,
				38C284E2250E04EE0022EC65 /* Resources */,
			);
			buildRules = (
			);
			dependencies = (
			);
			name = HeadTrack;
			productName = HeadTrack;
			productReference = 38C284E4250E04EE0022EC65 /* HeadTrack.app */;
			productType = "com.apple.product-type.application";
		};
/* End PBXNativeTarget section */

/* Begin PBXProject section */
		38C284DC250E04EE0022EC65 /* Project object */ = {
			isa = PBXProject;
			attributes = {
				LastSwiftUpdateCheck = 1170;
				LastUpgradeCheck = 1170;
				ORGANIZATIONNAME = Abhimanyu;
				TargetAttributes = {
					38C284E3250E04EE0022EC65 = {
						CreatedOnToolsVersion = 11.7;
					};
				};
			};
			buildConfigurationList = 38C284DF250E04EE0022EC65 /* Build configuration list for PBXProject "HeadTrack" */;
			compatibilityVersion = "Xcode 9.3";
			developmentRegion = en;
			hasScannedForEncodings = 0;
			knownRegions = (
				en,
				Base,
			);
			mainGroup = 38C284DB250E04EE0022EC65;
			productRefGroup = 38C284E5250E04EE0022EC65 /* Products */;
			projectDirPath = "";
			projectRoot = "";
			targets = (
				38C284E3250E04EE0022EC65 /* HeadTrack */,
			);
		};
/* End PBXProject section */

/* Begin PBXResourcesBuildPhase section */
		38C284E2250E04EE0022EC65 /* Resources */ = {
			isa = PBXResourcesBuildPhase;
			buildActionMask = 2147483647;
			files = (
				38C284F7250E04F10022EC65 /* LaunchScreen.storyboard in Resources */,
				38C284F4250E04F10022EC65 /* Assets.xcassets in Resources */,
				38C284EF250E04EE0022EC65 /* Main.storyboard in Resources */,
			);
			runOnlyForDeploymentPostprocessing = 0;
		};
/* End PBXResourcesBuildPhase section */

/* Begin PBXShellScriptBuildPhase section */
		99258190E40FE57A5775DD74 /* [CP] Check Pods Manifest.lock */ = {
			isa = PBXShellScriptBuildPhase;
			buildActionMask = 2147483647;
			files = (
			);
			inputFileListPaths = (
			);
			inputPaths = (
				"${PODS_PODFILE_DIR_PATH}/Podfile.lock",
				"${PODS_ROOT}/Manifest.lock",
			);
			name = "[CP] Check Pods Manifest.lock";
			outputFileListPaths = (
			);
			outputPaths = (
				"$(DERIVED_FILE_DIR)/Pods-HeadTrack-checkManifestLockResult.txt",
			);
			runOnlyForDeploymentPostprocessing = 0;
			shellPath = /bin/sh;
			shellScript = "diff \"${PODS_PODFILE_DIR_PATH}/Podfile.lock\" \"${PODS_ROOT}/Manifest.lock\" > /dev/null\nif [ $? != 0 ] ; then\n    # print error to STDERR\n    echo \"error: The sandbox is not in sync with the Podfile.lock. Run 'pod install' or update your CocoaPods installation.\" >&2\n    exit 1\nfi\n# This output is used by Xcode 'outputs' to avoid re-running this script phase.\necho \"SUCCESS\" > \"${SCRIPT_OUTPUT_FILE_0}\"\n";
			showEnvVarsInLog = 0;
		};
/* End PBXShellScriptBuildPhase section */

/* Begin PBXSourcesBuildPhase section */
		38C284E0250E04EE0022EC65 /* Sources */ = {
			isa = PBXSourcesBuildPhase;
			buildActionMask = 2147483647;
			files = (
				38C284EC250E04EE0022EC65 /* ViewController.swift in Sources */,
				38C284F2250E04EE0022EC65 /* HeadTrack.xcdatamodeld in Sources */,
				38C284E8250E04EE0022EC65 /* AppDelegate.swift in Sources */,
				38C284EA250E04EE0022EC65 /* SceneDelegate.swift in Sources */,
			);
			runOnlyForDeploymentPostprocessing = 0;
		};
/* End PBXSourcesBuildPhase section */

/* Begin PBXVariantGroup section */
		38C284ED250E04EE0022EC65 /* Main.storyboard */ = {
			isa = PBXVariantGroup;
			children = (
				38C284EE250E04EE0022EC65 /* Base */,
			);
			name = Main.storyboard;
			sourceTree = "<group>";
		};
		38C284F5250E04F10022EC65 /* LaunchScreen.storyboard */ = {
			isa = PBXVariantGroup;
			children = (
				38C284F6250E04F10022EC65 /* Base */,
			);
			name = LaunchScreen.storyboard;
			sourceTree = "<group>";
		};
/* End PBXVariantGroup section */

/* Begin XCBuildConfiguration section */
		38C284F9250E04F10022EC65 /* Debug */ = {
			isa = XCBuildConfiguration;
			buildSettings = {
				ALWAYS_SEARCH_USER_PATHS = NO;
				CLANG_ANALYZER_NONNULL = YES;
				CLANG_ANALYZER_NUMBER_OBJECT_CONVERSION = YES_AGGRESSIVE;
				CLANG_CXX_LANGUAGE_STANDARD = "gnu++14";
				CLANG_CXX_LIBRARY = "libc++";
				CLANG_ENABLE_MODULES = YES;
				CLANG_ENABLE_OBJC_ARC = YES;
				CLANG_ENABLE_OBJC_WEAK = YES;
				CLANG_WARN_BLOCK_CAPTURE_AUTORELEASING = YES;
				CLANG_WARN_BOOL_CONVERSION = YES;
				CLANG_WARN_COMMA = YES;
				CLANG_WARN_CONSTANT_CONVERSION = YES;
				CLANG_WARN_DEPRECATED_OBJC_IMPLEMENTATIONS = YES;
				CLANG_WARN_DIRECT_OBJC_ISA_USAGE = YES_ERROR;
				CLANG_WARN_DOCUMENTATION_COMMENTS = YES;
				CLANG_WARN_EMPTY_BODY = YES;
				CLANG_WARN_ENUM_CONVERSION = YES;
				CLANG_WARN_INFINITE_RECURSION = YES;
				CLANG_WARN_INT_CONVERSION = YES;
				CLANG_WARN_NON_LITERAL_NULL_CONVERSION = YES;
				CLANG_WARN_OBJC_IMPLICIT_RETAIN_SELF = YES;
				CLANG_WARN_OBJC_LITERAL_CONVERSION = YES;
				CLANG_WARN_OBJC_ROOT_CLASS = YES_ERROR;
				CLANG_WARN_RANGE_LOOP_ANALYSIS = YES;
				CLANG_WARN_STRICT_PROTOTYPES = YES;
				CLANG_WARN_SUSPICIOUS_MOVE = YES;
				CLANG_WARN_UNGUARDED_AVAILABILITY = YES_AGGRESSIVE;
				CLANG_WARN_UNREACHABLE_CODE = YES;
				CLANG_WARN__DUPLICATE_METHOD_MATCH = YES;
				COPY_PHASE_STRIP = NO;
				DEBUG_INFORMATION_FORMAT = dwarf;
				ENABLE_STRICT_OBJC_MSGSEND = YES;
				ENABLE_TESTABILITY = YES;
				GCC_C_LANGUAGE_STANDARD = gnu11;
				GCC_DYNAMIC_NO_PIC = NO;
				GCC_NO_COMMON_BLOCKS = YES;
				GCC_OPTIMIZATION_LEVEL = 0;
				GCC_PREPROCESSOR_DEFINITIONS = (
					"DEBUG=1",
					"$(inherited)",
				);
				GCC_WARN_64_TO_32_BIT_CONVERSION = YES;
				GCC_WARN_ABOUT_RETURN_TYPE = YES_ERROR;
				GCC_WARN_UNDECLARED_SELECTOR = YES;
				GCC_WARN_UNINITIALIZED_AUTOS = YES_AGGRESSIVE;
				GCC_WARN_UNUSED_FUNCTION = YES;
				GCC_WARN_UNUSED_VARIABLE = YES;
				IPHONEOS_DEPLOYMENT_TARGET = 13.7;
				MTL_ENABLE_DEBUG_INFO = INCLUDE_SOURCE;
				MTL_FAST_MATH = YES;
				ONLY_ACTIVE_ARCH = YES;
				SDKROOT = iphoneos;
				SWIFT_ACTIVE_COMPILATION_CONDITIONS = DEBUG;
				SWIFT_OPTIMIZATION_LEVEL = "-Onone";
			};
			name = Debug;
		};
		38C284FA250E04F10022EC65 /* Release */ = {
			isa = XCBuildConfiguration;
			buildSettings = {
				ALWAYS_SEARCH_USER_PATHS = NO;
				CLANG_ANALYZER_NONNULL = YES;
				CLANG_ANALYZER_NUMBER_OBJECT_CONVERSION = YES_AGGRESSIVE;
				CLANG_CXX_LANGUAGE_STANDARD = "gnu++14";
				CLANG_CXX_LIBRARY = "libc++";
				CLANG_ENABLE_MODULES = YES;
				CLANG_ENABLE_OBJC_ARC = YES;
				CLANG_ENABLE_OBJC_WEAK = YES;
				CLANG_WARN_BLOCK_CAPTURE_AUTORELEASING = YES;
				CLANG_WARN_BOOL_CONVERSION = YES;
				CLANG_WARN_COMMA = YES;
				CLANG_WARN_CONSTANT_CONVERSION = YES;
				CLANG_WARN_DEPRECATED_OBJC_IMPLEMENTATIONS = YES;
				CLANG_WARN_DIRECT_OBJC_ISA_USAGE = YES_ERROR;
				CLANG_WARN_DOCUMENTATION_COMMENTS = YES;
				CLANG_WARN_EMPTY_BODY = YES;
				CLANG_WARN_ENUM_CONVERSION = YES;
				CLANG_WARN_INFINITE_RECURSION = YES;
				CLANG_WARN_INT_CONVERSION = YES;
				CLANG_WARN_NON_LITERAL_NULL_CONVERSION = YES;
				CLANG_WARN_OBJC_IMPLICIT_RETAIN_SELF = YES;
				CLANG_WARN_OBJC_LITERAL_CONVERSION = YES;
				CLANG_WARN_OBJC_ROOT_CLASS = YES_ERROR;
				CLANG_WARN_RANGE_LOOP_ANALYSIS = YES;
				CLANG_WARN_STRICT_PROTOTYPES = YES;
				CLANG_WARN_SUSPICIOUS_MOVE = YES;
				CLANG_WARN_UNGUARDED_AVAILABILITY = YES_AGGRESSIVE;
				CLANG_WARN_UNREACHABLE_CODE = YES;
				CLANG_WARN__DUPLICATE_METHOD_MATCH = YES;
				COPY_PHASE_STRIP = NO;
				DEBUG_INFORMATION_FORMAT = "dwarf-with-dsym";
				ENABLE_NS_ASSERTIONS = NO;
				ENABLE_STRICT_OBJC_MSGSEND = YES;
				GCC_C_LANGUAGE_STANDARD = gnu11;
				GCC_NO_COMMON_BLOCKS = YES;
				GCC_WARN_64_TO_32_BIT_CONVERSION = YES;
				GCC_WARN_ABOUT_RETURN_TYPE = YES_ERROR;
				GCC_WARN_UNDECLARED_SELECTOR = YES;
				GCC_WARN_UNINITIALIZED_AUTOS = YES_AGGRESSIVE;
				GCC_WARN_UNUSED_FUNCTION = YES;
				GCC_WARN_UNUSED_VARIABLE = YES;
				IPHONEOS_DEPLOYMENT_TARGET = 13.7;
				MTL_ENABLE_DEBUG_INFO = NO;
				MTL_FAST_MATH = YES;
				SDKROOT = iphoneos;
				SWIFT_COMPILATION_MODE = wholemodule;
				SWIFT_OPTIMIZATION_LEVEL = "-O";
				VALIDATE_PRODUCT = YES;
			};
			name = Release;
		};
		38C284FC250E04F10022EC65 /* Debug */ = {
			isa = XCBuildConfiguration;
			baseConfigurationReference = 8C079EA4F8D8AA463B0263A7 /* Pods-HeadTrack.debug.xcconfig */;
			buildSettings = {
				ASSETCATALOG_COMPILER_APPICON_NAME = AppIcon;
				CODE_SIGN_STYLE = Automatic;
				DEVELOPMENT_TEAM = KDH8H294B2;
				INFOPLIST_FILE = HeadTrack/Info.plist;
				LD_RUNPATH_SEARCH_PATHS = (
					"$(inherited)",
					"@executable_path/Frameworks",
				);
				PRODUCT_BUNDLE_IDENTIFIER = personal.HeadTrack;
				PRODUCT_NAME = "$(TARGET_NAME)";
				SWIFT_VERSION = 5.0;
				TARGETED_DEVICE_FAMILY = "1,2";
			};
			name = Debug;
		};
		38C284FD250E04F10022EC65 /* Release */ = {
			isa = XCBuildConfiguration;
			baseConfigurationReference = AB6816EF107E1A5A754C7572 /* Pods-HeadTrack.release.xcconfig */;
			buildSettings = {
				ASSETCATALOG_COMPILER_APPICON_NAME = AppIcon;
				CODE_SIGN_STYLE = Automatic;
				DEVELOPMENT_TEAM = KDH8H294B2;
				INFOPLIST_FILE = HeadTrack/Info.plist;
				LD_RUNPATH_SEARCH_PATHS = (
					"$(inherited)",
					"@executable_path/Frameworks",
				);
				PRODUCT_BUNDLE_IDENTIFIER = personal.HeadTrack;
				PRODUCT_NAME = "$(TARGET_NAME)";
				SWIFT_VERSION = 5.0;
				TARGETED_DEVICE_FAMILY = "1,2";
			};
			name = Release;
		};
/* End XCBuildConfiguration section */

/* Begin XCConfigurationList section */
		38C284DF250E04EE0022EC65 /* Build configuration list for PBXProject "HeadTrack" */ = {
			isa = XCConfigurationList;
			buildConfigurations = (
				38C284F9250E04F10022EC65 /* Debug */,
				38C284FA250E04F10022EC65 /* Release */,
			);
			defaultConfigurationIsVisible = 0;
			defaultConfigurationName = Release;
		};
		38C284FB250E04F10022EC65 /* Build configuration list for PBXNativeTarget "HeadTrack" */ = {
			isa = XCConfigurationList;
			buildConfigurations = (
				38C284FC250E04F10022EC65 /* Debug */,
				38C284FD250E04F10022EC65 /* Release */,
			);
			defaultConfigurationIsVisible = 0;
			defaultConfigurationName = Release;
		};
/* End XCConfigurationList section */

/* Begin XCVersionGroup section */
		38C284F0250E04EE0022EC65 /* HeadTrack.xcdatamodeld */ = {
			isa = XCVersionGroup;
			children = (
				38C284F1250E04EE0022EC65 /* HeadTrack.xcdatamodel */,
			);
			currentVersion = 38C284F1250E04EE0022EC65 /* HeadTrack.xcdatamodel */;
			path = HeadTrack.xcdatamodeld;
			sourceTree = "<group>";
			versionGroupType = wrapper.xcdatamodel;
		};
/* End XCVersionGroup section */
	};
	rootObject = 38C284DC250E04EE0022EC65 /* Project object */;
}
